
Microsoft Visual Studio Solution File, Format Version 12.00
# Visual Studio 14
VisualStudioVersion = 14.0.25420.1
MinimumVisualStudioVersion = 10.0.40219.1
Project("{FAE04EC0-301F-11D3-BF4B-00C04F79EFBC}") = "Konves.ChordPro.Grammar", "src\Konves.ChordPro.Grammar\Konves.ChordPro.Grammar.csproj", "{9AD543C7-3D35-4A83-8971-AE736EBDFD52}"
EndProject
Project("{FAE04EC0-301F-11D3-BF4B-00C04F79EFBC}") = "Konves.ChordPro", "src\Konves.ChordPro\Konves.ChordPro.csproj", "{6BDDADD4-470D-424F-9962-8BCC05C32A22}"
	ProjectSection(ProjectDependencies) = postProject
		{9AD543C7-3D35-4A83-8971-AE736EBDFD52} = {9AD543C7-3D35-4A83-8971-AE736EBDFD52}
	EndProjectSection
EndProject
Project("{2150E333-8FDC-42A3-9474-1A3956D46DE8}") = "Tests", "Tests", "{B1633C4E-0781-4167-8D41-CC4D20281648}"
EndProject
Project("{2150E333-8FDC-42A3-9474-1A3956D46DE8}") = "Build", "Build", "{9945B495-4B8D-4D68-A1BD-BA69866A202B}"
EndProject
Project("{FAE04EC0-301F-11D3-BF4B-00C04F79EFBC}") = "Konves.ChordPro.UnitTests", "tests\Konves.ChordPro.UnitTests\Konves.ChordPro.UnitTests.csproj", "{B3436019-15F5-4406-9B9D-65F57FFCDCA3}"
EndProject
Global
	GlobalSection(SolutionConfigurationPlatforms) = preSolution
		Debug|Any CPU = Debug|Any CPU
		Release|Any CPU = Release|Any CPU
	EndGlobalSection
	GlobalSection(ProjectConfigurationPlatforms) = postSolution
		{9AD543C7-3D35-4A83-8971-AE736EBDFD52}.Debug|Any CPU.ActiveCfg = Debug|Any CPU
		{9AD543C7-3D35-4A83-8971-AE736EBDFD52}.Debug|Any CPU.Build.0 = Debug|Any CPU
		{9AD543C7-3D35-4A83-8971-AE736EBDFD52}.Release|Any CPU.ActiveCfg = Release|Any CPU
		{9AD543C7-3D35-4A83-8971-AE736EBDFD52}.Release|Any CPU.Build.0 = Release|Any CPU
		{6BDDADD4-470D-424F-9962-8BCC05C32A22}.Debug|Any CPU.ActiveCfg = Debug|Any CPU
		{6BDDADD4-470D-424F-9962-8BCC05C32A22}.Debug|Any CPU.Build.0 = Debug|Any CPU
		{6BDDADD4-470D-424F-9962-8BCC05C32A22}.Release|Any CPU.ActiveCfg = Release|Any CPU
		{6BDDADD4-470D-424F-9962-8BCC05C32A22}.Release|Any CPU.Build.0 = Release|Any CPU
		{B3436019-15F5-4406-9B9D-65F57FFCDCA3}.Debug|Any CPU.ActiveCfg = Debug|Any CPU
		{B3436019-15F5-4406-9B9D-65F57FFCDCA3}.Debug|Any CPU.Build.0 = Debug|Any CPU
		{B3436019-15F5-4406-9B9D-65F57FFCDCA3}.Release|Any CPU.ActiveCfg = Release|Any CPU
		{B3436019-15F5-4406-9B9D-65F57FFCDCA3}.Release|Any CPU.Build.0 = Release|Any CPU
	EndGlobalSection
	GlobalSection(SolutionProperties) = preSolution
		HideSolutionNode = FALSE
	EndGlobalSection
	GlobalSection(NestedProjects) = preSolution
		{B3436019-15F5-4406-9B9D-65F57FFCDCA3} = {B1633C4E-0781-4167-8D41-CC4D20281648}
	EndGlobalSection
EndGlobal
